{
  "version": 4,
  "terraform_version": "1.4.5",
  "serial": 17,
  "lineage": "a94eb50f-2554-9091-09a0-f619b8c20ac6",
  "outputs": {
    "gateway_frontend_ip": {
      "value": "http://20.106.166.218",
      "type": "string"
    }
  },
  "resources": [
    {
      "mode": "managed",
      "type": "azurerm_application_gateway",
      "name": "main",
      "provider": "provider[\"registry.terraform.io/hashicorp/azurerm\"]",
      "instances": [
        {
          "schema_version": 0,
          "attributes": {
            "authentication_certificate": [],
            "autoscale_configuration": [],
            "backend_address_pool": [
              {
                "fqdns": [],
                "id": "/subscriptions/1b37c024-9aca-4b89-bc24-9d330309c02c/resourceGroups/101-application-gateway-vwleip1r/providers/Microsoft.Network/applicationGateways/myAppGateway/backendAddressPools/myBackendPool",
                "ip_addresses": [],
                "name": "myBackendPool"
              }
            ],
            "backend_http_settings": [
              {
                "affinity_cookie_name": "",
                "authentication_certificate": [],
                "connection_draining": [],
                "cookie_based_affinity": "Disabled",
                "host_name": "",
                "id": "/subscriptions/1b37c024-9aca-4b89-bc24-9d330309c02c/resourceGroups/101-application-gateway-vwleip1r/providers/Microsoft.Network/applicationGateways/myAppGateway/backendHttpSettingsCollection/myHTTPsetting",
                "name": "myHTTPsetting",
                "path": "",
                "pick_host_name_from_backend_address": false,
                "port": 80,
                "probe_id": "",
                "probe_name": "",
                "protocol": "Http",
                "request_timeout": 60,
                "trusted_root_certificate_names": []
              }
            ],
            "custom_error_configuration": [],
            "enable_http2": false,
            "fips_enabled": false,
            "firewall_policy_id": "",
            "force_firewall_policy_association": false,
            "frontend_ip_configuration": [
              {
                "id": "/subscriptions/1b37c024-9aca-4b89-bc24-9d330309c02c/resourceGroups/101-application-gateway-vwleip1r/providers/Microsoft.Network/applicationGateways/myAppGateway/frontendIPConfigurations/myAGIPConfig",
                "name": "myAGIPConfig",
                "private_ip_address": "",
                "private_ip_address_allocation": "Dynamic",
                "private_link_configuration_id": "",
                "private_link_configuration_name": "",
                "public_ip_address_id": "/subscriptions/1b37c024-9aca-4b89-bc24-9d330309c02c/resourceGroups/101-application-gateway-vwleip1r/providers/Microsoft.Network/publicIPAddresses/myAGPublicIPAddress",
                "subnet_id": ""
              }
            ],
            "frontend_port": [
              {
                "id": "/subscriptions/1b37c024-9aca-4b89-bc24-9d330309c02c/resourceGroups/101-application-gateway-vwleip1r/providers/Microsoft.Network/applicationGateways/myAppGateway/frontendPorts/myFrontendPort",
                "name": "myFrontendPort",
                "port": 80
              }
            ],
            "gateway_ip_configuration": [
              {
                "id": "/subscriptions/1b37c024-9aca-4b89-bc24-9d330309c02c/resourceGroups/101-application-gateway-vwleip1r/providers/Microsoft.Network/applicationGateways/myAppGateway/gatewayIPConfigurations/my-gateway-ip-configuration",
                "name": "my-gateway-ip-configuration",
                "subnet_id": "/subscriptions/1b37c024-9aca-4b89-bc24-9d330309c02c/resourceGroups/101-application-gateway-vwleip1r/providers/Microsoft.Network/virtualNetworks/myVNet/subnets/myAGSubnet"
              }
            ],
            "global": [],
            "http_listener": [
              {
                "custom_error_configuration": [],
                "firewall_policy_id": "",
                "frontend_ip_configuration_id": "/subscriptions/1b37c024-9aca-4b89-bc24-9d330309c02c/resourceGroups/101-application-gateway-vwleip1r/providers/Microsoft.Network/applicationGateways/myAppGateway/frontendIPConfigurations/myAGIPConfig",
                "frontend_ip_configuration_name": "myAGIPConfig",
                "frontend_port_id": "/subscriptions/1b37c024-9aca-4b89-bc24-9d330309c02c/resourceGroups/101-application-gateway-vwleip1r/providers/Microsoft.Network/applicationGateways/myAppGateway/frontendPorts/myFrontendPort",
                "frontend_port_name": "myFrontendPort",
                "host_name": "",
                "host_names": [],
                "id": "/subscriptions/1b37c024-9aca-4b89-bc24-9d330309c02c/resourceGroups/101-application-gateway-vwleip1r/providers/Microsoft.Network/applicationGateways/myAppGateway/httpListeners/myListener",
                "name": "myListener",
                "protocol": "Http",
                "require_sni": false,
                "ssl_certificate_id": "",
                "ssl_certificate_name": "",
                "ssl_profile_id": "",
                "ssl_profile_name": ""
              }
            ],
            "id": "/subscriptions/1b37c024-9aca-4b89-bc24-9d330309c02c/resourceGroups/101-application-gateway-vwleip1r/providers/Microsoft.Network/applicationGateways/myAppGateway",
            "identity": [],
            "location": "eastus",
            "name": "myAppGateway",
            "private_endpoint_connection": [],
            "private_link_configuration": [],
            "probe": [],
            "redirect_configuration": [],
            "request_routing_rule": [
              {
                "backend_address_pool_id": "/subscriptions/1b37c024-9aca-4b89-bc24-9d330309c02c/resourceGroups/101-application-gateway-vwleip1r/providers/Microsoft.Network/applicationGateways/myAppGateway/backendAddressPools/myBackendPool",
                "backend_address_pool_name": "myBackendPool",
                "backend_http_settings_id": "/subscriptions/1b37c024-9aca-4b89-bc24-9d330309c02c/resourceGroups/101-application-gateway-vwleip1r/providers/Microsoft.Network/applicationGateways/myAppGateway/backendHttpSettingsCollection/myHTTPsetting",
                "backend_http_settings_name": "myHTTPsetting",
                "http_listener_id": "/subscriptions/1b37c024-9aca-4b89-bc24-9d330309c02c/resourceGroups/101-application-gateway-vwleip1r/providers/Microsoft.Network/applicationGateways/myAppGateway/httpListeners/myListener",
                "http_listener_name": "myListener",
                "id": "/subscriptions/1b37c024-9aca-4b89-bc24-9d330309c02c/resourceGroups/101-application-gateway-vwleip1r/providers/Microsoft.Network/applicationGateways/myAppGateway/requestRoutingRules/myRoutingRule",
                "name": "myRoutingRule",
                "priority": 1,
                "redirect_configuration_id": "",
                "redirect_configuration_name": "",
                "rewrite_rule_set_id": "",
                "rewrite_rule_set_name": "",
                "rule_type": "Basic",
                "url_path_map_id": "",
                "url_path_map_name": ""
              }
            ],
            "resource_group_name": "101-application-gateway-vwleip1r",
            "rewrite_rule_set": [],
            "sku": [
              {
                "capacity": 2,
                "name": "Standard_v2",
                "tier": "Standard_v2"
              }
            ],
            "ssl_certificate": [],
            "ssl_policy": [
              {
                "cipher_suites": [],
                "disabled_protocols": [],
                "min_protocol_version": "",
                "policy_name": "AppGwSslPolicy20150501",
                "policy_type": "Predefined"
              }
            ],
            "ssl_profile": [],
            "tags": null,
            "timeouts": null,
            "trusted_client_certificate": [],
            "trusted_root_certificate": [],
            "url_path_map": [],
            "waf_configuration": [],
            "zones": null
          },
          "sensitive_attributes": [],
          "private": "eyJlMmJmYjczMC1lY2FhLTExZTYtOGY4OC0zNDM2M2JjN2M0YzAiOnsiY3JlYXRlIjo1NDAwMDAwMDAwMDAwLCJkZWxldGUiOjU0MDAwMDAwMDAwMDAsInJlYWQiOjMwMDAwMDAwMDAwMCwidXBkYXRlIjo1NDAwMDAwMDAwMDAwfX0=",
          "dependencies": [
            "azurerm_public_ip.pip",
            "azurerm_resource_group.rg",
            "azurerm_subnet.frontend",
            "azurerm_virtual_network.vnet",
            "random_string.rg"
          ]
        }
      ]
    },
    {
      "mode": "managed",
      "type": "azurerm_network_interface",
      "name": "nic",
      "provider": "provider[\"registry.terraform.io/hashicorp/azurerm\"]",
      "instances": [
        {
          "index_key": 0,
          "schema_version": 0,
          "attributes": {
            "applied_dns_servers": [],
            "dns_servers": [],
            "edge_zone": "",
            "enable_accelerated_networking": false,
            "enable_ip_forwarding": false,
            "id": "/subscriptions/1b37c024-9aca-4b89-bc24-9d330309c02c/resourceGroups/101-application-gateway-vwleip1r/providers/Microsoft.Network/networkInterfaces/nic-1",
            "internal_dns_name_label": "",
            "internal_domain_name_suffix": "ni31oax4qsbunebfmvng21cfvb.bx.internal.cloudapp.net",
            "ip_configuration": [
              {
                "gateway_load_balancer_frontend_ip_configuration_id": "",
                "name": "nic-ipconfig-1",
                "primary": true,
                "private_ip_address": "10.21.1.4",
                "private_ip_address_allocation": "Dynamic",
                "private_ip_address_version": "IPv4",
                "public_ip_address_id": "",
                "subnet_id": "/subscriptions/1b37c024-9aca-4b89-bc24-9d330309c02c/resourceGroups/101-application-gateway-vwleip1r/providers/Microsoft.Network/virtualNetworks/myVNet/subnets/myBackendSubnet"
              }
            ],
            "location": "eastus",
            "mac_address": "",
            "name": "nic-1",
            "private_ip_address": "10.21.1.4",
            "private_ip_addresses": [
              "10.21.1.4"
            ],
            "resource_group_name": "101-application-gateway-vwleip1r",
            "tags": null,
            "timeouts": null,
            "virtual_machine_id": ""
          },
          "sensitive_attributes": [],
          "private": "eyJlMmJmYjczMC1lY2FhLTExZTYtOGY4OC0zNDM2M2JjN2M0YzAiOnsiY3JlYXRlIjoxODAwMDAwMDAwMDAwLCJkZWxldGUiOjE4MDAwMDAwMDAwMDAsInJlYWQiOjMwMDAwMDAwMDAwMCwidXBkYXRlIjoxODAwMDAwMDAwMDAwfX0=",
          "dependencies": [
            "azurerm_resource_group.rg",
            "azurerm_subnet.backend",
            "azurerm_virtual_network.vnet",
            "random_string.rg"
          ]
        },
        {
          "index_key": 1,
          "schema_version": 0,
          "attributes": {
            "applied_dns_servers": [],
            "dns_servers": [],
            "edge_zone": "",
            "enable_accelerated_networking": false,
            "enable_ip_forwarding": false,
            "id": "/subscriptions/1b37c024-9aca-4b89-bc24-9d330309c02c/resourceGroups/101-application-gateway-vwleip1r/providers/Microsoft.Network/networkInterfaces/nic-2",
            "internal_dns_name_label": "",
            "internal_domain_name_suffix": "ni31oax4qsbunebfmvng21cfvb.bx.internal.cloudapp.net",
            "ip_configuration": [
              {
                "gateway_load_balancer_frontend_ip_configuration_id": "",
                "name": "nic-ipconfig-2",
                "primary": true,
                "private_ip_address": "10.21.1.5",
                "private_ip_address_allocation": "Dynamic",
                "private_ip_address_version": "IPv4",
                "public_ip_address_id": "",
                "subnet_id": "/subscriptions/1b37c024-9aca-4b89-bc24-9d330309c02c/resourceGroups/101-application-gateway-vwleip1r/providers/Microsoft.Network/virtualNetworks/myVNet/subnets/myBackendSubnet"
              }
            ],
            "location": "eastus",
            "mac_address": "",
            "name": "nic-2",
            "private_ip_address": "10.21.1.5",
            "private_ip_addresses": [
              "10.21.1.5"
            ],
            "resource_group_name": "101-application-gateway-vwleip1r",
            "tags": null,
            "timeouts": null,
            "virtual_machine_id": ""
          },
          "sensitive_attributes": [],
          "private": "eyJlMmJmYjczMC1lY2FhLTExZTYtOGY4OC0zNDM2M2JjN2M0YzAiOnsiY3JlYXRlIjoxODAwMDAwMDAwMDAwLCJkZWxldGUiOjE4MDAwMDAwMDAwMDAsInJlYWQiOjMwMDAwMDAwMDAwMCwidXBkYXRlIjoxODAwMDAwMDAwMDAwfX0=",
          "dependencies": [
            "azurerm_resource_group.rg",
            "azurerm_subnet.backend",
            "azurerm_virtual_network.vnet",
            "random_string.rg"
          ]
        }
      ]
    },
    {
      "mode": "managed",
      "type": "azurerm_network_interface_application_gateway_backend_address_pool_association",
      "name": "nic-assoc",
      "provider": "provider[\"registry.terraform.io/hashicorp/azurerm\"]",
      "instances": [
        {
          "index_key": 0,
          "schema_version": 0,
          "attributes": {
            "backend_address_pool_id": "/subscriptions/1b37c024-9aca-4b89-bc24-9d330309c02c/resourceGroups/101-application-gateway-vwleip1r/providers/Microsoft.Network/applicationGateways/myAppGateway/backendAddressPools/myBackendPool",
            "id": "/subscriptions/1b37c024-9aca-4b89-bc24-9d330309c02c/resourceGroups/101-application-gateway-vwleip1r/providers/Microsoft.Network/networkInterfaces/nic-1/ipConfigurations/nic-ipconfig-1|/subscriptions/1b37c024-9aca-4b89-bc24-9d330309c02c/resourceGroups/101-application-gateway-vwleip1r/providers/Microsoft.Network/applicationGateways/myAppGateway/backendAddressPools/myBackendPool",
            "ip_configuration_name": "nic-ipconfig-1",
            "network_interface_id": "/subscriptions/1b37c024-9aca-4b89-bc24-9d330309c02c/resourceGroups/101-application-gateway-vwleip1r/providers/Microsoft.Network/networkInterfaces/nic-1",
            "timeouts": null
          },
          "sensitive_attributes": [],
          "private": "eyJlMmJmYjczMC1lY2FhLTExZTYtOGY4OC0zNDM2M2JjN2M0YzAiOnsiY3JlYXRlIjoxODAwMDAwMDAwMDAwLCJkZWxldGUiOjE4MDAwMDAwMDAwMDAsInJlYWQiOjMwMDAwMDAwMDAwMCwidXBkYXRlIjoxODAwMDAwMDAwMDAwfX0=",
          "dependencies": [
            "azurerm_application_gateway.main",
            "azurerm_network_interface.nic",
            "azurerm_public_ip.pip",
            "azurerm_resource_group.rg",
            "azurerm_subnet.backend",
            "azurerm_subnet.frontend",
            "azurerm_virtual_network.vnet",
            "random_string.rg"
          ]
        },
        {
          "index_key": 1,
          "schema_version": 0,
          "attributes": {
            "backend_address_pool_id": "/subscriptions/1b37c024-9aca-4b89-bc24-9d330309c02c/resourceGroups/101-application-gateway-vwleip1r/providers/Microsoft.Network/applicationGateways/myAppGateway/backendAddressPools/myBackendPool",
            "id": "/subscriptions/1b37c024-9aca-4b89-bc24-9d330309c02c/resourceGroups/101-application-gateway-vwleip1r/providers/Microsoft.Network/networkInterfaces/nic-2/ipConfigurations/nic-ipconfig-2|/subscriptions/1b37c024-9aca-4b89-bc24-9d330309c02c/resourceGroups/101-application-gateway-vwleip1r/providers/Microsoft.Network/applicationGateways/myAppGateway/backendAddressPools/myBackendPool",
            "ip_configuration_name": "nic-ipconfig-2",
            "network_interface_id": "/subscriptions/1b37c024-9aca-4b89-bc24-9d330309c02c/resourceGroups/101-application-gateway-vwleip1r/providers/Microsoft.Network/networkInterfaces/nic-2",
            "timeouts": null
          },
          "sensitive_attributes": [],
          "private": "eyJlMmJmYjczMC1lY2FhLTExZTYtOGY4OC0zNDM2M2JjN2M0YzAiOnsiY3JlYXRlIjoxODAwMDAwMDAwMDAwLCJkZWxldGUiOjE4MDAwMDAwMDAwMDAsInJlYWQiOjMwMDAwMDAwMDAwMCwidXBkYXRlIjoxODAwMDAwMDAwMDAwfX0=",
          "dependencies": [
            "azurerm_application_gateway.main",
            "azurerm_network_interface.nic",
            "azurerm_public_ip.pip",
            "azurerm_resource_group.rg",
            "azurerm_subnet.backend",
            "azurerm_subnet.frontend",
            "azurerm_virtual_network.vnet",
            "random_string.rg"
          ]
        }
      ]
    },
    {
      "mode": "managed",
      "type": "azurerm_public_ip",
      "name": "pip",
      "provider": "provider[\"registry.terraform.io/hashicorp/azurerm\"]",
      "instances": [
        {
          "schema_version": 0,
          "attributes": {
            "allocation_method": "Static",
            "ddos_protection_mode": "VirtualNetworkInherited",
            "ddos_protection_plan_id": null,
            "domain_name_label": null,
            "edge_zone": "",
            "fqdn": null,
            "id": "/subscriptions/1b37c024-9aca-4b89-bc24-9d330309c02c/resourceGroups/101-application-gateway-vwleip1r/providers/Microsoft.Network/publicIPAddresses/myAGPublicIPAddress",
            "idle_timeout_in_minutes": 4,
            "ip_address": "20.106.166.218",
            "ip_tags": null,
            "ip_version": "IPv4",
            "location": "eastus",
            "name": "myAGPublicIPAddress",
            "public_ip_prefix_id": null,
            "resource_group_name": "101-application-gateway-vwleip1r",
            "reverse_fqdn": null,
            "sku": "Standard",
            "sku_tier": "Regional",
            "tags": null,
            "timeouts": null,
            "zones": null
          },
          "sensitive_attributes": [],
          "private": "eyJlMmJmYjczMC1lY2FhLTExZTYtOGY4OC0zNDM2M2JjN2M0YzAiOnsiY3JlYXRlIjoxODAwMDAwMDAwMDAwLCJkZWxldGUiOjE4MDAwMDAwMDAwMDAsInJlYWQiOjMwMDAwMDAwMDAwMCwidXBkYXRlIjoxODAwMDAwMDAwMDAwfX0=",
          "dependencies": [
            "azurerm_resource_group.rg",
            "random_string.rg"
          ]
        }
      ]
    },
    {
      "mode": "managed",
      "type": "azurerm_resource_group",
      "name": "rg",
      "provider": "provider[\"registry.terraform.io/hashicorp/azurerm\"]",
      "instances": [
        {
          "schema_version": 0,
          "attributes": {
            "id": "/subscriptions/1b37c024-9aca-4b89-bc24-9d330309c02c/resourceGroups/101-application-gateway-vwleip1r",
            "location": "eastus",
            "name": "101-application-gateway-vwleip1r",
            "tags": null,
            "timeouts": null
          },
          "sensitive_attributes": [],
          "private": "eyJlMmJmYjczMC1lY2FhLTExZTYtOGY4OC0zNDM2M2JjN2M0YzAiOnsiY3JlYXRlIjo1NDAwMDAwMDAwMDAwLCJkZWxldGUiOjU0MDAwMDAwMDAwMDAsInJlYWQiOjMwMDAwMDAwMDAwMCwidXBkYXRlIjo1NDAwMDAwMDAwMDAwfX0=",
          "dependencies": [
            "random_string.rg"
          ]
        }
      ]
    },
    {
      "mode": "managed",
      "type": "azurerm_subnet",
      "name": "backend",
      "provider": "provider[\"registry.terraform.io/hashicorp/azurerm\"]",
      "instances": [
        {
          "schema_version": 0,
          "attributes": {
            "address_prefixes": [
              "10.21.1.0/24"
            ],
            "delegation": [],
            "enforce_private_link_endpoint_network_policies": false,
            "enforce_private_link_service_network_policies": false,
            "id": "/subscriptions/1b37c024-9aca-4b89-bc24-9d330309c02c/resourceGroups/101-application-gateway-vwleip1r/providers/Microsoft.Network/virtualNetworks/myVNet/subnets/myBackendSubnet",
            "name": "myBackendSubnet",
            "private_endpoint_network_policies_enabled": true,
            "private_link_service_network_policies_enabled": true,
            "resource_group_name": "101-application-gateway-vwleip1r",
            "service_endpoint_policy_ids": null,
            "service_endpoints": null,
            "timeouts": null,
            "virtual_network_name": "myVNet"
          },
          "sensitive_attributes": [],
          "private": "eyJlMmJmYjczMC1lY2FhLTExZTYtOGY4OC0zNDM2M2JjN2M0YzAiOnsiY3JlYXRlIjoxODAwMDAwMDAwMDAwLCJkZWxldGUiOjE4MDAwMDAwMDAwMDAsInJlYWQiOjMwMDAwMDAwMDAwMCwidXBkYXRlIjoxODAwMDAwMDAwMDAwfX0=",
          "dependencies": [
            "azurerm_resource_group.rg",
            "azurerm_virtual_network.vnet",
            "random_string.rg"
          ]
        }
      ]
    },
    {
      "mode": "managed",
      "type": "azurerm_subnet",
      "name": "frontend",
      "provider": "provider[\"registry.terraform.io/hashicorp/azurerm\"]",
      "instances": [
        {
          "schema_version": 0,
          "attributes": {
            "address_prefixes": [
              "10.21.0.0/24"
            ],
            "delegation": [],
            "enforce_private_link_endpoint_network_policies": false,
            "enforce_private_link_service_network_policies": false,
            "id": "/subscriptions/1b37c024-9aca-4b89-bc24-9d330309c02c/resourceGroups/101-application-gateway-vwleip1r/providers/Microsoft.Network/virtualNetworks/myVNet/subnets/myAGSubnet",
            "name": "myAGSubnet",
            "private_endpoint_network_policies_enabled": true,
            "private_link_service_network_policies_enabled": true,
            "resource_group_name": "101-application-gateway-vwleip1r",
            "service_endpoint_policy_ids": null,
            "service_endpoints": null,
            "timeouts": null,
            "virtual_network_name": "myVNet"
          },
          "sensitive_attributes": [],
          "private": "eyJlMmJmYjczMC1lY2FhLTExZTYtOGY4OC0zNDM2M2JjN2M0YzAiOnsiY3JlYXRlIjoxODAwMDAwMDAwMDAwLCJkZWxldGUiOjE4MDAwMDAwMDAwMDAsInJlYWQiOjMwMDAwMDAwMDAwMCwidXBkYXRlIjoxODAwMDAwMDAwMDAwfX0=",
          "dependencies": [
            "azurerm_resource_group.rg",
            "azurerm_virtual_network.vnet",
            "random_string.rg"
          ]
        }
      ]
    },
    {
      "mode": "managed",
      "type": "azurerm_virtual_machine_extension",
      "name": "vm-extensions",
      "provider": "provider[\"registry.terraform.io/hashicorp/azurerm\"]",
      "instances": [
        {
          "index_key": 0,
          "schema_version": 0,
          "attributes": {
            "auto_upgrade_minor_version": false,
            "automatic_upgrade_enabled": false,
            "failure_suppression_enabled": false,
            "id": "/subscriptions/1b37c024-9aca-4b89-bc24-9d330309c02c/resourceGroups/101-application-gateway-vwleip1r/providers/Microsoft.Compute/virtualMachines/myVM1/extensions/vm1-ext",
            "name": "vm1-ext",
            "protected_settings": null,
            "protected_settings_from_key_vault": [],
            "publisher": "Microsoft.Compute",
            "settings": "{\"commandToExecute\":\"powershell Add-WindowsFeature Web-Server; powershell Add-Content -Path \\\"C:\\\\inetpub\\\\wwwroot\\\\Default.htm\\\" -Value $($env:computername)\"}",
            "tags": null,
            "timeouts": null,
            "type": "CustomScriptExtension",
            "type_handler_version": "1.10",
            "virtual_machine_id": "/subscriptions/1b37c024-9aca-4b89-bc24-9d330309c02c/resourceGroups/101-application-gateway-vwleip1r/providers/Microsoft.Compute/virtualMachines/myVM1"
          },
          "sensitive_attributes": [],
          "private": "eyJlMmJmYjczMC1lY2FhLTExZTYtOGY4OC0zNDM2M2JjN2M0YzAiOnsiY3JlYXRlIjoxODAwMDAwMDAwMDAwLCJkZWxldGUiOjE4MDAwMDAwMDAwMDAsInJlYWQiOjMwMDAwMDAwMDAwMCwidXBkYXRlIjoxODAwMDAwMDAwMDAwfX0=",
          "dependencies": [
            "azurerm_network_interface.nic",
            "azurerm_resource_group.rg",
            "azurerm_subnet.backend",
            "azurerm_virtual_network.vnet",
            "azurerm_windows_virtual_machine.vm",
            "random_password.password",
            "random_string.rg"
          ]
        },
        {
          "index_key": 1,
          "schema_version": 0,
          "attributes": {
            "auto_upgrade_minor_version": false,
            "automatic_upgrade_enabled": false,
            "failure_suppression_enabled": false,
            "id": "/subscriptions/1b37c024-9aca-4b89-bc24-9d330309c02c/resourceGroups/101-application-gateway-vwleip1r/providers/Microsoft.Compute/virtualMachines/myVM2/extensions/vm2-ext",
            "name": "vm2-ext",
            "protected_settings": null,
            "protected_settings_from_key_vault": [],
            "publisher": "Microsoft.Compute",
            "settings": "{\"commandToExecute\":\"powershell Add-WindowsFeature Web-Server; powershell Add-Content -Path \\\"C:\\\\inetpub\\\\wwwroot\\\\Default.htm\\\" -Value $($env:computername)\"}",
            "tags": null,
            "timeouts": null,
            "type": "CustomScriptExtension",
            "type_handler_version": "1.10",
            "virtual_machine_id": "/subscriptions/1b37c024-9aca-4b89-bc24-9d330309c02c/resourceGroups/101-application-gateway-vwleip1r/providers/Microsoft.Compute/virtualMachines/myVM2"
          },
          "sensitive_attributes": [],
          "private": "eyJlMmJmYjczMC1lY2FhLTExZTYtOGY4OC0zNDM2M2JjN2M0YzAiOnsiY3JlYXRlIjoxODAwMDAwMDAwMDAwLCJkZWxldGUiOjE4MDAwMDAwMDAwMDAsInJlYWQiOjMwMDAwMDAwMDAwMCwidXBkYXRlIjoxODAwMDAwMDAwMDAwfX0=",
          "dependencies": [
            "azurerm_network_interface.nic",
            "azurerm_resource_group.rg",
            "azurerm_subnet.backend",
            "azurerm_virtual_network.vnet",
            "azurerm_windows_virtual_machine.vm",
            "random_password.password",
            "random_string.rg"
          ]
        }
      ]
    },
    {
      "mode": "managed",
      "type": "azurerm_virtual_network",
      "name": "vnet",
      "provider": "provider[\"registry.terraform.io/hashicorp/azurerm\"]",
      "instances": [
        {
          "schema_version": 0,
          "attributes": {
            "address_space": [
              "10.21.0.0/16"
            ],
            "bgp_community": "",
            "ddos_protection_plan": [],
            "dns_servers": [],
            "edge_zone": "",
            "flow_timeout_in_minutes": 0,
            "guid": "02b73b6a-84fe-4683-9025-655a6e6c45a9",
            "id": "/subscriptions/1b37c024-9aca-4b89-bc24-9d330309c02c/resourceGroups/101-application-gateway-vwleip1r/providers/Microsoft.Network/virtualNetworks/myVNet",
            "location": "eastus",
            "name": "myVNet",
            "resource_group_name": "101-application-gateway-vwleip1r",
            "subnet": [],
            "tags": null,
            "timeouts": null
          },
          "sensitive_attributes": [],
          "private": "eyJlMmJmYjczMC1lY2FhLTExZTYtOGY4OC0zNDM2M2JjN2M0YzAiOnsiY3JlYXRlIjoxODAwMDAwMDAwMDAwLCJkZWxldGUiOjE4MDAwMDAwMDAwMDAsInJlYWQiOjMwMDAwMDAwMDAwMCwidXBkYXRlIjoxODAwMDAwMDAwMDAwfX0=",
          "dependencies": [
            "azurerm_resource_group.rg",
            "random_string.rg"
          ]
        }
      ]
    },
    {
      "mode": "managed",
      "type": "azurerm_windows_virtual_machine",
      "name": "vm",
      "provider": "provider[\"registry.terraform.io/hashicorp/azurerm\"]",
      "instances": [
        {
          "index_key": 0,
          "schema_version": 0,
          "attributes": {
            "additional_capabilities": [],
            "additional_unattend_content": [],
            "admin_password": "[4xc:*w\u003ePa7)x9[x",
            "admin_username": "azureadmin",
            "allow_extension_operations": true,
            "availability_set_id": "",
            "boot_diagnostics": [],
            "capacity_reservation_group_id": "",
            "computer_name": "myVM1",
            "custom_data": null,
            "dedicated_host_group_id": "",
            "dedicated_host_id": "",
            "edge_zone": "",
            "enable_automatic_updates": true,
            "encryption_at_host_enabled": false,
            "eviction_policy": "",
            "extensions_time_budget": "PT1H30M",
            "gallery_application": [],
            "hotpatching_enabled": false,
            "id": "/subscriptions/1b37c024-9aca-4b89-bc24-9d330309c02c/resourceGroups/101-application-gateway-vwleip1r/providers/Microsoft.Compute/virtualMachines/myVM1",
            "identity": [],
            "license_type": "",
            "location": "eastus",
            "max_bid_price": -1,
            "name": "myVM1",
            "network_interface_ids": [
              "/subscriptions/1b37c024-9aca-4b89-bc24-9d330309c02c/resourceGroups/101-application-gateway-vwleip1r/providers/Microsoft.Network/networkInterfaces/nic-1"
            ],
            "os_disk": [
              {
                "caching": "ReadWrite",
                "diff_disk_settings": [],
                "disk_encryption_set_id": "",
                "disk_size_gb": 127,
                "name": "myVM1_disk1_6c30839880cd45b389e0c541f8a7f38e",
                "secure_vm_disk_encryption_set_id": "",
                "security_encryption_type": "",
                "storage_account_type": "Standard_LRS",
                "write_accelerator_enabled": false
              }
            ],
            "patch_assessment_mode": "ImageDefault",
            "patch_mode": "AutomaticByOS",
            "plan": [],
            "platform_fault_domain": -1,
            "priority": "Regular",
            "private_ip_address": "10.21.1.4",
            "private_ip_addresses": [
              "10.21.1.4"
            ],
            "provision_vm_agent": true,
            "proximity_placement_group_id": "",
            "public_ip_address": "",
            "public_ip_addresses": [],
            "resource_group_name": "101-application-gateway-vwleip1r",
            "secret": [],
            "secure_boot_enabled": false,
            "size": "Standard_DS1_v2",
            "source_image_id": "",
            "source_image_reference": [
              {
                "offer": "WindowsServer",
                "publisher": "MicrosoftWindowsServer",
                "sku": "2019-Datacenter",
                "version": "latest"
              }
            ],
            "tags": null,
            "termination_notification": null,
            "timeouts": null,
            "timezone": "",
            "user_data": "",
            "virtual_machine_id": "5f949ffd-a382-460b-9e6f-32960f30b0ab",
            "virtual_machine_scale_set_id": "",
            "vtpm_enabled": false,
            "winrm_listener": [],
            "zone": ""
          },
          "sensitive_attributes": [
            [
              {
                "type": "get_attr",
                "value": "admin_password"
              }
            ]
          ],
          "private": "eyJlMmJmYjczMC1lY2FhLTExZTYtOGY4OC0zNDM2M2JjN2M0YzAiOnsiY3JlYXRlIjoyNzAwMDAwMDAwMDAwLCJkZWxldGUiOjI3MDAwMDAwMDAwMDAsInJlYWQiOjMwMDAwMDAwMDAwMCwidXBkYXRlIjoyNzAwMDAwMDAwMDAwfX0=",
          "dependencies": [
            "azurerm_network_interface.nic",
            "azurerm_resource_group.rg",
            "azurerm_subnet.backend",
            "azurerm_virtual_network.vnet",
            "random_password.password",
            "random_string.rg"
          ]
        },
        {
          "index_key": 1,
          "schema_version": 0,
          "attributes": {
            "additional_capabilities": [],
            "additional_unattend_content": [],
            "admin_password": "[4xc:*w\u003ePa7)x9[x",
            "admin_username": "azureadmin",
            "allow_extension_operations": true,
            "availability_set_id": "",
            "boot_diagnostics": [],
            "capacity_reservation_group_id": "",
            "computer_name": "myVM2",
            "custom_data": null,
            "dedicated_host_group_id": "",
            "dedicated_host_id": "",
            "edge_zone": "",
            "enable_automatic_updates": true,
            "encryption_at_host_enabled": false,
            "eviction_policy": "",
            "extensions_time_budget": "PT1H30M",
            "gallery_application": [],
            "hotpatching_enabled": false,
            "id": "/subscriptions/1b37c024-9aca-4b89-bc24-9d330309c02c/resourceGroups/101-application-gateway-vwleip1r/providers/Microsoft.Compute/virtualMachines/myVM2",
            "identity": [],
            "license_type": "",
            "location": "eastus",
            "max_bid_price": -1,
            "name": "myVM2",
            "network_interface_ids": [
              "/subscriptions/1b37c024-9aca-4b89-bc24-9d330309c02c/resourceGroups/101-application-gateway-vwleip1r/providers/Microsoft.Network/networkInterfaces/nic-2"
            ],
            "os_disk": [
              {
                "caching": "ReadWrite",
                "diff_disk_settings": [],
                "disk_encryption_set_id": "",
                "disk_size_gb": 127,
                "name": "myVM2_disk1_1b303c92b29c44a69c6f5de5dea463fc",
                "secure_vm_disk_encryption_set_id": "",
                "security_encryption_type": "",
                "storage_account_type": "Standard_LRS",
                "write_accelerator_enabled": false
              }
            ],
            "patch_assessment_mode": "ImageDefault",
            "patch_mode": "AutomaticByOS",
            "plan": [],
            "platform_fault_domain": -1,
            "priority": "Regular",
            "private_ip_address": "10.21.1.5",
            "private_ip_addresses": [
              "10.21.1.5"
            ],
            "provision_vm_agent": true,
            "proximity_placement_group_id": "",
            "public_ip_address": "",
            "public_ip_addresses": [],
            "resource_group_name": "101-application-gateway-vwleip1r",
            "secret": [],
            "secure_boot_enabled": false,
            "size": "Standard_DS1_v2",
            "source_image_id": "",
            "source_image_reference": [
              {
                "offer": "WindowsServer",
                "publisher": "MicrosoftWindowsServer",
                "sku": "2019-Datacenter",
                "version": "latest"
              }
            ],
            "tags": null,
            "termination_notification": null,
            "timeouts": null,
            "timezone": "",
            "user_data": "",
            "virtual_machine_id": "80926f00-3e34-4d99-acd0-977c3bd0bcee",
            "virtual_machine_scale_set_id": "",
            "vtpm_enabled": false,
            "winrm_listener": [],
            "zone": ""
          },
          "sensitive_attributes": [
            [
              {
                "type": "get_attr",
                "value": "admin_password"
              }
            ]
          ],
          "private": "eyJlMmJmYjczMC1lY2FhLTExZTYtOGY4OC0zNDM2M2JjN2M0YzAiOnsiY3JlYXRlIjoyNzAwMDAwMDAwMDAwLCJkZWxldGUiOjI3MDAwMDAwMDAwMDAsInJlYWQiOjMwMDAwMDAwMDAwMCwidXBkYXRlIjoyNzAwMDAwMDAwMDAwfX0=",
          "dependencies": [
            "azurerm_network_interface.nic",
            "azurerm_resource_group.rg",
            "azurerm_subnet.backend",
            "azurerm_virtual_network.vnet",
            "random_password.password",
            "random_string.rg"
          ]
        }
      ]
    },
    {
      "mode": "managed",
      "type": "random_password",
      "name": "password",
      "provider": "provider[\"registry.terraform.io/hashicorp/random\"]",
      "instances": [
        {
          "schema_version": 3,
          "attributes": {
            "bcrypt_hash": "$2a$10$maduHK0fp0yN58Siz7QXMOi3//83eyubDBSxKfjLhG6gMQSvI/KKC",
            "id": "none",
            "keepers": null,
            "length": 16,
            "lower": true,
            "min_lower": 0,
            "min_numeric": 0,
            "min_special": 0,
            "min_upper": 0,
            "number": true,
            "numeric": true,
            "override_special": null,
            "result": "[4xc:*w\u003ePa7)x9[x",
            "special": true,
            "upper": true
          },
          "sensitive_attributes": []
        }
      ]
    },
    {
      "mode": "managed",
      "type": "random_string",
      "name": "rg",
      "provider": "provider[\"registry.terraform.io/hashicorp/random\"]",
      "instances": [
        {
          "schema_version": 2,
          "attributes": {
            "id": "vwleip1r",
            "keepers": null,
            "length": 8,
            "lower": true,
            "min_lower": 0,
            "min_numeric": 0,
            "min_special": 0,
            "min_upper": 0,
            "number": true,
            "numeric": true,
            "override_special": null,
            "result": "vwleip1r",
            "special": false,
            "upper": false
          },
          "sensitive_attributes": []
        }
      ]
    }
  ],
  "check_results": null
}
